{
    "_meta": {
        "hash": {
            "sha256": "2cc58378673b75730414eaf1c1c35560a229f613c26f4dd6f0e823636a299726"
        },
        "pipfile-spec": 6,
        "requires": {
            "python_version": "3"
        },
        "sources": [
            {
                "name": "pypi",
                "url": "https://pypi.org/simple",
                "verify_ssl": true
            }
        ]
    },
    "default": {
        "attrs": {
            "hashes": [
                "sha256:2d27e3784d7a565d36ab851fe94887c5eccd6a463168875832a1be79c82828b4",
                "sha256:626ba8234211db98e869df76230a137c4c40a12d72445c45d5f5b716f076e2fd"
            ],
            "markers": "python_version >= '2.7' and python_version not in '3.0, 3.1, 3.2, 3.3, 3.4'",
            "version": "==21.4.0"
        },
        "cattrs": {
            "hashes": [
                "sha256:94b67b64cf92c994f8784c40c082177dc916e0489a73a9a36b24eb18a9db40c6",
                "sha256:d55c477b4672f93606e992049f15d526dc7867e6c756cd6256d4af92e2b1e364"
            ],
            "markers": "python_version >= '3.7' and python_version < '4.0'",
            "version": "==22.1.0"
        },
        "cdktf": {
            "hashes": [
                "sha256:044eeececeac0cc4682275e54b6056a514480e0769e4dddad885102b3114f4eb",
                "sha256:cb936b3901097ef4895efc0c2a537ca89316848e6cfe63d9a801e58639c69507"
            ],
            "index": "pypi",
            "version": "==0.10.4"
        },
        "cdktf-cdktf-provider-google": {
            "hashes": [
                "sha256:0cc4d48c5ae3c1809c70cb48e7a0a790edfbea23e5357217035886e520e35f55",
                "sha256:27fda81bb590d744ee06c17bf8cc26beca9118f01db72f5419530f4d07bbe38e"
            ],
            "index": "pypi",
            "version": "==0.8.34"
        },
        "constructs": {
            "hashes": [
                "sha256:13ecf16d78e3f2a19d5c8aae620c45017fc6c2549f87e818ebb3fc5442ec3e0b",
                "sha256:6667144e4ee4cff452323cc4ace0094c95dfc273904601110ac6e9e15e888793"
            ],
            "markers": "python_version ~= '3.7'",
            "version": "==10.1.6"
        },
        "exceptiongroup": {
            "hashes": [
                "sha256:295a9d7847f9ad08267f47c701a676ec70a64200a360dd49eb513f72209b09f4",
                "sha256:665422550b9653acd46e9cd35d933f28c5158ca4c058c53619cfa112915cd69e"
            ],
            "markers": "python_version < '3.11'",
            "version": "==1.0.0rc5"
        },
        "jsii": {
            "hashes": [
                "sha256:21830c2dfe5197272dec9bf228d0e8493fdc9ca4501aeec8ce0cc38b2e9dd810",
                "sha256:e4c3d38e92d837bce132d3fc4b3f2ed4fa9e036cf8aa2ab9be13bb89df1f0441"
            ],
            "markers": "python_version ~= '3.7'",
            "version": "==1.58.0"
        },
        "publication": {
            "hashes": [
                "sha256:0248885351febc11d8a1098d5c8e3ab2dabcf3e8c0c96db1e17ecd12b53afbe6",
                "sha256:68416a0de76dddcdd2930d1c8ef853a743cc96c82416c4e4d3b5d901c6276dc4"
            ],
            "version": "==0.0.3"
        },
        "python-dateutil": {
            "hashes": [
                "sha256:0123cacc1627ae19ddf3c27a5de5bd67ee4586fbdd6440d9748f8abb483d3e86",
                "sha256:961d03dc3453ebbc59dbdea9e4e11c5651520a876d0f4db161e8674aae935da9"
            ],
            "markers": "python_version >= '2.7' and python_version not in '3.0, 3.1, 3.2, 3.3'",
            "version": "==2.8.2"
        },
        "six": {
            "hashes": [
                "sha256:1e61c37477a1626458e36f7b1d82aa5c9b094fa4802892072e49de9c60c4c926",
                "sha256:8abb2f1d86890a2dfb989f9a77cfcfd3e47c2a354b01111771326f8aa26e0254"
            ],
            "markers": "python_version >= '2.7' and python_version not in '3.0, 3.1, 3.2, 3.3'",
            "version": "==1.16.0"
        },
        "typing-extensions": {
            "hashes": [
                "sha256:6657594ee297170d19f67d55c05852a874e7eb634f4f753dbd667855e07c1708",
                "sha256:f1c24655a0da0d1b67f07e17a5e6b2a105894e6824b92096378bb3668ef02376"
            ],
            "markers": "python_version >= '3.7'",
            "version": "==4.2.0"
        }
    },
    "develop": {}
}
